
Microsoft Visual Studio Solution File, Format Version 12.00
# Visual Studio 2012
Project("{FAE04EC0-301F-11D3-BF4B-00C04F79EFBC}") = "Questioner", "Questioner\Questioner.csproj", "{B247DA6E-80D9-4F90-95DC-670D531E71E4}"
EndProject
Global
	GlobalSection(SolutionConfigurationPlatforms) = preSolution
		Debug|x86 = Debug|x86
		Release|x86 = Release|x86
	EndGlobalSection
	GlobalSection(ProjectConfigurationPlatforms) = postSolution
		{B247DA6E-80D9-4F90-95DC-670D531E71E4}.Debug|x86.ActiveCfg = Debug|x86
		{B247DA6E-80D9-4F90-95DC-670D531E71E4}.Debug|x86.Build.0 = Debug|x86
		{B247DA6E-80D9-4F90-95DC-670D531E71E4}.Release|x86.ActiveCfg = Release|x86
		{B247DA6E-80D9-4F90-95DC-670D531E71E4}.Release|x86.Build.0 = Release|x86
	EndGlobalSection
EndGlobal
